PODS:
  - "!ProtoCompiler (3.0.2)":
    - Protobuf (~> 3.0)
  - "!ProtoCompiler-gRPCPlugin (1.0.2)":
    - "!ProtoCompiler (= 3.0.2)"
    - gRPC-ProtoRPC (= 1.0.2)
  - AHUtils (0.0.1):
    - MBProgressHUD
  - AudioKit (4.0.4):
    - AudioKit/UI (= 4.0.4)
  - AudioKit/UI (4.0.4)
  - BoringSSL (7.0):
    - BoringSSL/Implementation (= 7.0)
    - BoringSSL/Interface (= 7.0)
  - BoringSSL/Implementation (7.0):
    - BoringSSL/Interface (= 7.0)
  - BoringSSL/Interface (7.0)
  - ColorPickerRow (1.1.0):
    - Eureka (>= 3.0.0)
    - UIColor_Hex_Swift (>= 3.0.0)
  - DefaultsKit (0.0.8)
  - Eureka (4.0.1)
  - googleapis (0.0.1):
    - "!ProtoCompiler-gRPCPlugin (~> 1.0.0-pre1.1)"
    - googleapis/Messages (= 0.0.1)
    - googleapis/Services (= 0.0.1)
  - googleapis/Messages (0.0.1):
    - "!ProtoCompiler-gRPCPlugin (~> 1.0.0-pre1.1)"
    - Protobuf
  - googleapis/Services (0.0.1):
    - "!ProtoCompiler-gRPCPlugin (~> 1.0.0-pre1.1)"
    - googleapis/Messages
    - gRPC-ProtoRPC
  - gRPC (1.0.2):
    - gRPC-Core (= 1.0.2)
    - gRPC-RxLibrary (= 1.0.2)
  - gRPC-Core (1.0.2):
    - gRPC-Core/Implementation (= 1.0.2)
    - gRPC-Core/Interface (= 1.0.2)
  - gRPC-Core/Implementation (1.0.2):
    - BoringSSL (~> 7.0)
    - gRPC-Core/Interface (= 1.0.2)
  - gRPC-Core/Interface (1.0.2)
  - gRPC-ProtoRPC (1.0.2):
    - gRPC (= 1.0.2)
    - gRPC-RxLibrary (= 1.0.2)
    - Protobuf (~> 3.0)
  - gRPC-RxLibrary (1.0.2)
  - Material (2.12.17):
    - Material/Core (= 2.12.17)
  - Material/Core (2.12.17):
    - Motion (~> 1.2.5)
  - MBProgressHUD (1.1.0)
  - Motion (1.2.5):
    - Motion/Core (= 1.2.5)
  - Motion/Core (1.2.5)
  - Protobuf (3.5.0)
  - SimpleDatagramProtocol (1.1.0)
  - UIColor_Hex_Swift (3.0.2)

DEPENDENCIES:
  - AHUtils (from `~/Developer/AHUtils/AHUtils.podspec`)
  - AudioKit
  - ColorPickerRow (from `https://github.com/EurekaCommunity/ColorPickerRow`)
  - DefaultsKit
  - Eureka
  - googleapis (from `.`)
  - Material
  - SimpleDatagramProtocol
  - UIColor_Hex_Swift

EXTERNAL SOURCES:
  AHUtils:
    :path: "~/Developer/AHUtils/AHUtils.podspec"
  ColorPickerRow:
    :git: https://github.com/EurekaCommunity/ColorPickerRow
  googleapis:
    :path: "."

CHECKOUT OPTIONS:
  ColorPickerRow:
    :commit: b1b5e82451f48b2d8bb62160cb312615283c5421
    :git: https://github.com/EurekaCommunity/ColorPickerRow

SPEC CHECKSUMS:
  "!ProtoCompiler": cfad9cbe5299a4923b1c3c8f150818c91efd0b6d
  "!ProtoCompiler-gRPCPlugin": ee00d28bb35b26e2657f239833b8f2aa66724f96
  AHUtils: fabfe3baed68935a1414104fb8509b8d689e6186
  AudioKit: 647145c0462dc9dc8a8582998cd6db5f2e1ea848
  BoringSSL: 50035b9d9eeff5529587311782fc57c00ebf13ae
  ColorPickerRow: f3f4abb13a64bffbf1cb415b8bbe20696e2146f2
  DefaultsKit: d4e4271525388e33a17ee6842f2ded78f6892bc7
  Eureka: c8bd5cc07143b6f66268c208d28a246c99b41955
  googleapis: daa20dca7a0097c6c3316fdfd888e0ba1b7c8921
  gRPC: dd3a91e0fb770b9fc4f43d1292fb19f2a2e04158
  gRPC-Core: cc4a7613190ff0bc60a0c1e702ef07cd3f868ae6
  gRPC-ProtoRPC: 11533510522a5e9627883a597a796cfe6bef05f3
  gRPC-RxLibrary: 02cc70b76bc0c5bc622ba27595cca2598d9fe528
  Material: 5efae18f40ebf40baa2c252086d4646849ee7118
  MBProgressHUD: e7baa36a220447d8aeb12769bf0585582f3866d9
  Motion: 88a8bee21926af792333f4b9e7170f710e9e48f3
  Protobuf: 8a9838fba8dae3389230e1b7f8c104aa32389c03
  SimpleDatagramProtocol: 80105ba0c9462df5e0c9741f7bf13757cf44ff11
  UIColor_Hex_Swift: 95f718452092a3efc8a827dffd2c04d3237be02d

PODFILE CHECKSUM: 853958a99da2e4d630ba570dae598ae5ce134fcc

COCOAPODS: 1.2.1
