PODS:
  - "!ProtoCompiler (3.4.0)":
    - Protobuf (~> 3.0)
  - "!ProtoCompiler-gRPCPlugin (1.6.5)":
    - "!ProtoCompiler (= 3.4.0)"
    - gRPC-ProtoRPC (= 1.6.5)
  - AudioKit (4.5.3):
    - AudioKit/Core (= 4.5.3)
    - AudioKit/UI (= 4.5.3)
  - AudioKit/Core (4.5.3)
  - AudioKit/UI (4.5.3):
    - AudioKit/Core
  - BoringSSL (9.2):
    - BoringSSL/Implementation (= 9.2)
    - BoringSSL/Interface (= 9.2)
  - BoringSSL/Implementation (9.2):
    - BoringSSL/Interface (= 9.2)
  - BoringSSL/Interface (9.2)
  - ColorPickerRow (1.2.1):
    - Eureka (>= 3.0.0)
    - UIColor_Hex_Swift (>= 3.0.0)
  - DefaultsKit (0.0.9)
  - Eureka (4.3.0)
  - googleapis (0.0.1):
    - "!ProtoCompiler-gRPCPlugin (= 1.6.5)"
    - googleapis/Messages (= 0.0.1)
    - googleapis/Services (= 0.0.1)
  - googleapis/Messages (0.0.1):
    - "!ProtoCompiler-gRPCPlugin (= 1.6.5)"
    - Protobuf
  - googleapis/Services (0.0.1):
    - "!ProtoCompiler-gRPCPlugin (= 1.6.5)"
    - googleapis/Messages
    - gRPC-ProtoRPC
  - gRPC (1.6.5):
    - gRPC-Core (= 1.6.5)
    - gRPC-RxLibrary (= 1.6.5)
  - gRPC-Core (1.6.5):
    - gRPC-Core/Implementation (= 1.6.5)
    - gRPC-Core/Interface (= 1.6.5)
  - gRPC-Core/Implementation (1.6.5):
    - BoringSSL (~> 9.0)
    - gRPC-Core/Interface (= 1.6.5)
    - nanopb (~> 0.3)
  - gRPC-Core/Interface (1.6.5)
  - gRPC-ProtoRPC (1.6.5):
    - gRPC (= 1.6.5)
    - gRPC-RxLibrary (= 1.6.5)
    - Protobuf (~> 3.0)
  - gRPC-RxLibrary (1.6.5)
  - Material (2.16.4):
    - Material/Core (= 2.16.4)
  - Material/Core (2.16.4):
    - Motion (~> 1.4.3)
  - MBProgressHUD (1.1.0)
  - Motion (1.4.3):
    - Motion/Core (= 1.4.3)
  - Motion/Core (1.4.3)
  - nanopb (0.3.901):
    - nanopb/decode (= 0.3.901)
    - nanopb/encode (= 0.3.901)
  - nanopb/decode (0.3.901)
  - nanopb/encode (0.3.901)
  - Protobuf (3.6.1)
  - SimpleDatagramProtocol (1.1.0)
  - UIColor_Hex_Swift (4.2.0)

DEPENDENCIES:
  - AudioKit (= 4.5.3)
  - ColorPickerRow (from `https://github.com/EurekaCommunity/ColorPickerRow`)
  - DefaultsKit (= 0.0.9)
  - Eureka (= 4.3.0)
  - googleapis (from `.`)
  - Material (= 2.16.4)
  - MBProgressHUD
  - SimpleDatagramProtocol
  - UIColor_Hex_Swift (= 4.2.0)

SPEC REPOS:
  https://github.com/cocoapods/specs.git:
    - "!ProtoCompiler"
    - "!ProtoCompiler-gRPCPlugin"
    - AudioKit
    - BoringSSL
    - DefaultsKit
    - Eureka
    - gRPC
    - gRPC-Core
    - gRPC-ProtoRPC
    - gRPC-RxLibrary
    - Material
    - MBProgressHUD
    - Motion
    - nanopb
    - Protobuf
    - SimpleDatagramProtocol
    - UIColor_Hex_Swift

EXTERNAL SOURCES:
  ColorPickerRow:
    :git: https://github.com/EurekaCommunity/ColorPickerRow
  googleapis:
    :path: "."

CHECKOUT OPTIONS:
  ColorPickerRow:
    :commit: 3c1be59fb9be7f6d81c985d2837b6d31e66889c5
    :git: https://github.com/EurekaCommunity/ColorPickerRow

SPEC CHECKSUMS:
  "!ProtoCompiler": 07d0c441bc00e7f01e84debf7c53794683fbca7c
  "!ProtoCompiler-gRPCPlugin": dfc8eead3e132b22750b0ec7f5fe4774ef98362a
  AudioKit: 086927b955ed65d9d3398006eaa7a5c39ae8a7f1
  BoringSSL: f3d6b8ce199b9c450a8cfc14895d07a2627fc232
  ColorPickerRow: 87dd091c54fff65cf554f79ca1556312ee66282f
  DefaultsKit: e47d11c54a53c66f9e5c65a1992dead90bc7144f
  Eureka: 6d711cb30ca333b4bc893110285a722ae3840114
  googleapis: 65023b0a9e64db17337492703f0bbffa0efe4026
  gRPC: 42f915ce322b1abc5241621acc776f2fdb0a2039
  gRPC-Core: 54211a073d238ec8569be06e1a939a72f081a3e9
  gRPC-ProtoRPC: 4299db62f86df58c88844ccb50f5c48993e704f6
  gRPC-RxLibrary: 1b1c9c9cf666709ad7714cb0e0f3c44dc0cbfb0b
  Material: 4ed78690b09ffd148b5ffab6b4367fb1d8da1cd3
  MBProgressHUD: e7baa36a220447d8aeb12769bf0585582f3866d9
  Motion: 153ba49692997888556c7a95207278a8b1f8be95
  nanopb: 2901f78ea1b7b4015c860c2fdd1ea2fee1a18d48
  Protobuf: 1eb9700044745f00181c136ef21b8ff3ad5a0fd5
  SimpleDatagramProtocol: 80105ba0c9462df5e0c9741f7bf13757cf44ff11
  UIColor_Hex_Swift: bc07fc197421ee896b9ed6dcfa2054b7fbf75145

PODFILE CHECKSUM: 441cd76362a3536dccd453f750ae17e3660adffc

COCOAPODS: 1.5.3
